
Microsoft Visual Studio Solution File, Format Version 12.00
# Visual Studio Version 16
VisualStudioVersion = 16.0.31624.102
MinimumVisualStudioVersion = 10.0.40219.1
Project("{9A19103F-16F7-4668-BE54-9A1E7A4F7556}") = "SistemaOrcamento", "SistemaOrcamento.csproj", "{B0F44E01-163F-4B1A-B20C-F4C2D2C9DCD3}"
EndProject
Global
	GlobalSection(SolutionConfigurationPlatforms) = preSolution
		Debug|Any CPU = Debug|Any CPU
		Release|Any CPU = Release|Any CPU
	EndGlobalSection
	GlobalSection(ProjectConfigurationPlatforms) = postSolution
		{B0F44E01-163F-4B1A-B20C-F4C2D2C9DCD3}.Debug|Any CPU.ActiveCfg = Debug|Any CPU
		{B0F44E01-163F-4B1A-B20C-F4C2D2C9DCD3}.Debug|Any CPU.Build.0 = Debug|Any CPU
		{B0F44E01-163F-4B1A-B20C-F4C2D2C9DCD3}.Release|Any CPU.ActiveCfg = Release|Any CPU
		{B0F44E01-163F-4B1A-B20C-F4C2D2C9DCD3}.Release|Any CPU.Build.0 = Release|Any CPU
	EndGlobalSection
	GlobalSection(SolutionProperties) = preSolution
		HideSolutionNode = FALSE
	EndGlobalSection
	GlobalSection(ExtensibilityGlobals) = postSolution
		SolutionGuid = {F7D50F1A-DFBC-412D-90D2-163588E2F279}
	EndGlobalSection
EndGlobal
